
Microsoft Visual Studio Solution File, Format Version 11.00
# Visual Studio 2010
Project("{FAE04EC0-301F-11D3-BF4B-00C04F79EFBC}") = "NewsLibrarySearch", "NlSearchLib\NewsLibrarySearch.csproj", "{1B295501-ACBB-44EE-B99B-7D03F44643E4}"
EndProject
Project("{FAE04EC0-301F-11D3-BF4B-00C04F79EFBC}") = "CensusDataGrab", "CensusDataGrab\CensusDataGrab.csproj", "{CEADB613-D517-496A-9A54-3862C1B5A5FD}"
EndProject
Project("{FAE04EC0-301F-11D3-BF4B-00C04F79EFBC}") = "DataNervesUI", "DataNervesUI\DataNervesUI.csproj", "{E532E55C-8AB1-42F4-92DE-AF80229EC474}"
EndProject
Global
	GlobalSection(SolutionConfigurationPlatforms) = preSolution
		Debug|Any CPU = Debug|Any CPU
		Debug|Mixed Platforms = Debug|Mixed Platforms
		Debug|x86 = Debug|x86
		Release|Any CPU = Release|Any CPU
		Release|Mixed Platforms = Release|Mixed Platforms
		Release|x86 = Release|x86
	EndGlobalSection
	GlobalSection(ProjectConfigurationPlatforms) = postSolution
		{1B295501-ACBB-44EE-B99B-7D03F44643E4}.Debug|Any CPU.ActiveCfg = Debug|Any CPU
		{1B295501-ACBB-44EE-B99B-7D03F44643E4}.Debug|Any CPU.Build.0 = Debug|Any CPU
		{1B295501-ACBB-44EE-B99B-7D03F44643E4}.Debug|Mixed Platforms.ActiveCfg = Debug|Any CPU
		{1B295501-ACBB-44EE-B99B-7D03F44643E4}.Debug|Mixed Platforms.Build.0 = Debug|Any CPU
		{1B295501-ACBB-44EE-B99B-7D03F44643E4}.Debug|x86.ActiveCfg = Debug|Any CPU
		{1B295501-ACBB-44EE-B99B-7D03F44643E4}.Release|Any CPU.ActiveCfg = Release|Any CPU
		{1B295501-ACBB-44EE-B99B-7D03F44643E4}.Release|Any CPU.Build.0 = Release|Any CPU
		{1B295501-ACBB-44EE-B99B-7D03F44643E4}.Release|Mixed Platforms.ActiveCfg = Release|Any CPU
		{1B295501-ACBB-44EE-B99B-7D03F44643E4}.Release|Mixed Platforms.Build.0 = Release|Any CPU
		{1B295501-ACBB-44EE-B99B-7D03F44643E4}.Release|x86.ActiveCfg = Release|Any CPU
		{CEADB613-D517-496A-9A54-3862C1B5A5FD}.Debug|Any CPU.ActiveCfg = Debug|Any CPU
		{CEADB613-D517-496A-9A54-3862C1B5A5FD}.Debug|Any CPU.Build.0 = Debug|Any CPU
		{CEADB613-D517-496A-9A54-3862C1B5A5FD}.Debug|Mixed Platforms.ActiveCfg = Debug|Any CPU
		{CEADB613-D517-496A-9A54-3862C1B5A5FD}.Debug|Mixed Platforms.Build.0 = Debug|Any CPU
		{CEADB613-D517-496A-9A54-3862C1B5A5FD}.Debug|x86.ActiveCfg = Debug|Any CPU
		{CEADB613-D517-496A-9A54-3862C1B5A5FD}.Release|Any CPU.ActiveCfg = Release|Any CPU
		{CEADB613-D517-496A-9A54-3862C1B5A5FD}.Release|Any CPU.Build.0 = Release|Any CPU
		{CEADB613-D517-496A-9A54-3862C1B5A5FD}.Release|Mixed Platforms.ActiveCfg = Release|Any CPU
		{CEADB613-D517-496A-9A54-3862C1B5A5FD}.Release|Mixed Platforms.Build.0 = Release|Any CPU
		{CEADB613-D517-496A-9A54-3862C1B5A5FD}.Release|x86.ActiveCfg = Release|Any CPU
		{E532E55C-8AB1-42F4-92DE-AF80229EC474}.Debug|Any CPU.ActiveCfg = Debug|Any CPU
		{E532E55C-8AB1-42F4-92DE-AF80229EC474}.Debug|Any CPU.Build.0 = Debug|Any CPU
		{E532E55C-8AB1-42F4-92DE-AF80229EC474}.Debug|Mixed Platforms.ActiveCfg = Debug|Any CPU
		{E532E55C-8AB1-42F4-92DE-AF80229EC474}.Debug|Mixed Platforms.Build.0 = Debug|Any CPU
		{E532E55C-8AB1-42F4-92DE-AF80229EC474}.Debug|x86.ActiveCfg = Debug|Any CPU
		{E532E55C-8AB1-42F4-92DE-AF80229EC474}.Release|Any CPU.ActiveCfg = Release|Any CPU
		{E532E55C-8AB1-42F4-92DE-AF80229EC474}.Release|Any CPU.Build.0 = Release|Any CPU
		{E532E55C-8AB1-42F4-92DE-AF80229EC474}.Release|Mixed Platforms.ActiveCfg = Release|Any CPU
		{E532E55C-8AB1-42F4-92DE-AF80229EC474}.Release|Mixed Platforms.Build.0 = Release|Any CPU
		{E532E55C-8AB1-42F4-92DE-AF80229EC474}.Release|x86.ActiveCfg = Release|Any CPU
	EndGlobalSection
	GlobalSection(SolutionProperties) = preSolution
		HideSolutionNode = FALSE
	EndGlobalSection
EndGlobal
